
Microsoft Visual Studio Solution File, Format Version 12.00
# Visual Studio Version 17
VisualStudioVersion = 17.5.33530.505
MinimumVisualStudioVersion = 10.0.40219.1
Project("{9A19103F-16F7-4668-BE54-9A1E7A4F7556}") = "aac5", "aac5.csproj", "{015944FC-AA62-415A-8139-D52F9D983C01}"
EndProject
Global
	GlobalSection(SolutionConfigurationPlatforms) = preSolution
		Debug|Any CPU = Debug|Any CPU
		Release|Any CPU = Release|Any CPU
	EndGlobalSection
	GlobalSection(ProjectConfigurationPlatforms) = postSolution
		{015944FC-AA62-415A-8139-D52F9D983C01}.Debug|Any CPU.ActiveCfg = Debug|Any CPU
		{015944FC-AA62-415A-8139-D52F9D983C01}.Debug|Any CPU.Build.0 = Debug|Any CPU
		{015944FC-AA62-415A-8139-D52F9D983C01}.Release|Any CPU.ActiveCfg = Release|Any CPU
		{015944FC-AA62-415A-8139-D52F9D983C01}.Release|Any CPU.Build.0 = Release|Any CPU
	EndGlobalSection
	GlobalSection(SolutionProperties) = preSolution
		HideSolutionNode = FALSE
	EndGlobalSection
	GlobalSection(ExtensibilityGlobals) = postSolution
		SolutionGuid = {011B4A8A-E690-4C31-BB9C-C4D9FCD0C86B}
	EndGlobalSection
EndGlobal
